
Microsoft Visual Studio Solution File, Format Version 12.00
# Visual Studio Version 16
VisualStudioVersion = 16.0.32413.511
MinimumVisualStudioVersion = 10.0.40219.1
Project("{8BC9CEB8-8B4A-11D0-8D11-00A0C91BC942}") = "Problem E 字符串类String", "Problem E 字符串类String.vcxproj", "{290C1824-E559-4B89-86FF-07C157C8786D}"
EndProject
Global
	GlobalSection(SolutionConfigurationPlatforms) = preSolution
		Debug|x64 = Debug|x64
		Debug|x86 = Debug|x86
		Release|x64 = Release|x64
		Release|x86 = Release|x86
	EndGlobalSection
	GlobalSection(ProjectConfigurationPlatforms) = postSolution
		{290C1824-E559-4B89-86FF-07C157C8786D}.Debug|x64.ActiveCfg = Debug|x64
		{290C1824-E559-4B89-86FF-07C157C8786D}.Debug|x64.Build.0 = Debug|x64
		{290C1824-E559-4B89-86FF-07C157C8786D}.Debug|x86.ActiveCfg = Debug|Win32
		{290C1824-E559-4B89-86FF-07C157C8786D}.Debug|x86.Build.0 = Debug|Win32
		{290C1824-E559-4B89-86FF-07C157C8786D}.Release|x64.ActiveCfg = Release|x64
		{290C1824-E559-4B89-86FF-07C157C8786D}.Release|x64.Build.0 = Release|x64
		{290C1824-E559-4B89-86FF-07C157C8786D}.Release|x86.ActiveCfg = Release|Win32
		{290C1824-E559-4B89-86FF-07C157C8786D}.Release|x86.Build.0 = Release|Win32
	EndGlobalSection
	GlobalSection(SolutionProperties) = preSolution
		HideSolutionNode = FALSE
	EndGlobalSection
	GlobalSection(ExtensibilityGlobals) = postSolution
		SolutionGuid = {6C2841BC-06E1-4E09-B19B-A650FD22CD00}
	EndGlobalSection
EndGlobal
