
Microsoft Visual Studio Solution File, Format Version 12.00
# Visual Studio Version 16
VisualStudioVersion = 16.0.31729.503
MinimumVisualStudioVersion = 10.0.40219.1
Project("{8BC9CEB8-8B4A-11D0-8D11-00A0C91BC942}") = "C++第一章B条件表达式求最小值", "C++第一章B条件表达式求最小值.vcxproj", "{BAC86240-16C7-4BA1-97C1-B21614B07650}"
EndProject
Global
	GlobalSection(SolutionConfigurationPlatforms) = preSolution
		Debug|x64 = Debug|x64
		Debug|x86 = Debug|x86
		Release|x64 = Release|x64
		Release|x86 = Release|x86
	EndGlobalSection
	GlobalSection(ProjectConfigurationPlatforms) = postSolution
		{BAC86240-16C7-4BA1-97C1-B21614B07650}.Debug|x64.ActiveCfg = Debug|x64
		{BAC86240-16C7-4BA1-97C1-B21614B07650}.Debug|x64.Build.0 = Debug|x64
		{BAC86240-16C7-4BA1-97C1-B21614B07650}.Debug|x86.ActiveCfg = Debug|Win32
		{BAC86240-16C7-4BA1-97C1-B21614B07650}.Debug|x86.Build.0 = Debug|Win32
		{BAC86240-16C7-4BA1-97C1-B21614B07650}.Release|x64.ActiveCfg = Release|x64
		{BAC86240-16C7-4BA1-97C1-B21614B07650}.Release|x64.Build.0 = Release|x64
		{BAC86240-16C7-4BA1-97C1-B21614B07650}.Release|x86.ActiveCfg = Release|Win32
		{BAC86240-16C7-4BA1-97C1-B21614B07650}.Release|x86.Build.0 = Release|Win32
	EndGlobalSection
	GlobalSection(SolutionProperties) = preSolution
		HideSolutionNode = FALSE
	EndGlobalSection
	GlobalSection(ExtensibilityGlobals) = postSolution
		SolutionGuid = {0824B478-4581-4C04-BA1C-83E519ABAB8E}
	EndGlobalSection
EndGlobal
