
Microsoft Visual Studio Solution File, Format Version 12.00
# Visual Studio Version 16
VisualStudioVersion = 16.0.31729.503
MinimumVisualStudioVersion = 10.0.40219.1
Project("{8BC9CEB8-8B4A-11D0-8D11-00A0C91BC942}") = "15周上机F求最大相乘结果的跳跃子序列", "15周上机F求最大相乘结果的跳跃子序列.vcxproj", "{D4130023-E729-4835-8CEE-56E54E9415C2}"
EndProject
Global
	GlobalSection(SolutionConfigurationPlatforms) = preSolution
		Debug|x64 = Debug|x64
		Debug|x86 = Debug|x86
		Release|x64 = Release|x64
		Release|x86 = Release|x86
	EndGlobalSection
	GlobalSection(ProjectConfigurationPlatforms) = postSolution
		{D4130023-E729-4835-8CEE-56E54E9415C2}.Debug|x64.ActiveCfg = Debug|x64
		{D4130023-E729-4835-8CEE-56E54E9415C2}.Debug|x64.Build.0 = Debug|x64
		{D4130023-E729-4835-8CEE-56E54E9415C2}.Debug|x86.ActiveCfg = Debug|Win32
		{D4130023-E729-4835-8CEE-56E54E9415C2}.Debug|x86.Build.0 = Debug|Win32
		{D4130023-E729-4835-8CEE-56E54E9415C2}.Release|x64.ActiveCfg = Release|x64
		{D4130023-E729-4835-8CEE-56E54E9415C2}.Release|x64.Build.0 = Release|x64
		{D4130023-E729-4835-8CEE-56E54E9415C2}.Release|x86.ActiveCfg = Release|Win32
		{D4130023-E729-4835-8CEE-56E54E9415C2}.Release|x86.Build.0 = Release|Win32
	EndGlobalSection
	GlobalSection(SolutionProperties) = preSolution
		HideSolutionNode = FALSE
	EndGlobalSection
	GlobalSection(ExtensibilityGlobals) = postSolution
		SolutionGuid = {B69FB8ED-9603-4A8F-BC4A-CF586C7990CF}
	EndGlobalSection
EndGlobal
