
Microsoft Visual Studio Solution File, Format Version 12.00
# Visual Studio Version 16
VisualStudioVersion = 16.0.31729.503
MinimumVisualStudioVersion = 10.0.40219.1
Project("{8BC9CEB8-8B4A-11D0-8D11-00A0C91BC942}") = "Problem A  图书类", "Problem A  图书类.vcxproj", "{58B8BF51-61CC-43FB-99EF-7C9E4EE27828}"
EndProject
Global
	GlobalSection(SolutionConfigurationPlatforms) = preSolution
		Debug|x64 = Debug|x64
		Debug|x86 = Debug|x86
		Release|x64 = Release|x64
		Release|x86 = Release|x86
	EndGlobalSection
	GlobalSection(ProjectConfigurationPlatforms) = postSolution
		{58B8BF51-61CC-43FB-99EF-7C9E4EE27828}.Debug|x64.ActiveCfg = Debug|x64
		{58B8BF51-61CC-43FB-99EF-7C9E4EE27828}.Debug|x64.Build.0 = Debug|x64
		{58B8BF51-61CC-43FB-99EF-7C9E4EE27828}.Debug|x86.ActiveCfg = Debug|Win32
		{58B8BF51-61CC-43FB-99EF-7C9E4EE27828}.Debug|x86.Build.0 = Debug|Win32
		{58B8BF51-61CC-43FB-99EF-7C9E4EE27828}.Release|x64.ActiveCfg = Release|x64
		{58B8BF51-61CC-43FB-99EF-7C9E4EE27828}.Release|x64.Build.0 = Release|x64
		{58B8BF51-61CC-43FB-99EF-7C9E4EE27828}.Release|x86.ActiveCfg = Release|Win32
		{58B8BF51-61CC-43FB-99EF-7C9E4EE27828}.Release|x86.Build.0 = Release|Win32
	EndGlobalSection
	GlobalSection(SolutionProperties) = preSolution
		HideSolutionNode = FALSE
	EndGlobalSection
	GlobalSection(ExtensibilityGlobals) = postSolution
		SolutionGuid = {C39ABE5E-4F26-4AF2-AC7A-4E6BA9BCE98F}
	EndGlobalSection
EndGlobal
